
Microsoft Visual Studio Solution File, Format Version 12.00
# Visual Studio Version 16
VisualStudioVersion = 16.0.30709.132
MinimumVisualStudioVersion = 10.0.40219.1
Project("{9A19103F-16F7-4668-BE54-9A1E7A4F7556}") = "isitinthecloud", "isitinthecloud\isitinthecloud.csproj", "{9C552135-26E1-47E9-9D3A-2D9419B46E6F}"
EndProject
Project("{9A19103F-16F7-4668-BE54-9A1E7A4F7556}") = "isitinthecloud.tests", "isitinthecloud.tests\isitinthecloud.tests.csproj", "{9DFECA37-611D-4931-9399-C4D6F4CD47BE}"
EndProject
Global
	GlobalSection(SolutionConfigurationPlatforms) = preSolution
		Debug|Any CPU = Debug|Any CPU
		Release|Any CPU = Release|Any CPU
	EndGlobalSection
	GlobalSection(ProjectConfigurationPlatforms) = postSolution
		{9C552135-26E1-47E9-9D3A-2D9419B46E6F}.Debug|Any CPU.ActiveCfg = Debug|Any CPU
		{9C552135-26E1-47E9-9D3A-2D9419B46E6F}.Debug|Any CPU.Build.0 = Debug|Any CPU
		{9C552135-26E1-47E9-9D3A-2D9419B46E6F}.Release|Any CPU.ActiveCfg = Release|Any CPU
		{9C552135-26E1-47E9-9D3A-2D9419B46E6F}.Release|Any CPU.Build.0 = Release|Any CPU
		{9DFECA37-611D-4931-9399-C4D6F4CD47BE}.Debug|Any CPU.ActiveCfg = Debug|Any CPU
		{9DFECA37-611D-4931-9399-C4D6F4CD47BE}.Debug|Any CPU.Build.0 = Debug|Any CPU
		{9DFECA37-611D-4931-9399-C4D6F4CD47BE}.Release|Any CPU.ActiveCfg = Release|Any CPU
		{9DFECA37-611D-4931-9399-C4D6F4CD47BE}.Release|Any CPU.Build.0 = Release|Any CPU
	EndGlobalSection
	GlobalSection(SolutionProperties) = preSolution
		HideSolutionNode = FALSE
	EndGlobalSection
	GlobalSection(ExtensibilityGlobals) = postSolution
		SolutionGuid = {10FEDEA9-054D-4128-BE72-D115FEC5D2B2}
	EndGlobalSection
EndGlobal
